PODS:
  - ASN1Decoder (1.8.0)
  - boost (1.76.0)
  - CocoaAsyncSocket (7.6.5)
  - DoubleConversion (1.1.6)
  - EASClient (0.5.1):
    - ExpoModulesCore
  - EXApplication (5.1.1):
    - ExpoModulesCore
  - EXConstants (14.2.1):
    - ExpoModulesCore
  - EXFileSystem (15.2.2):
    - ExpoModulesCore
  - EXFont (11.1.1):
    - ExpoModulesCore
  - EXJSONUtils (0.5.1)
  - EXManifests (0.5.2):
    - EXJSONUtils
  - Expo (48.0.6):
    - ExpoModulesCore
  - expo-dev-client (2.1.5):
    - EXManifests
    - expo-dev-launcher
    - expo-dev-menu
    - expo-dev-menu-interface
    - EXUpdatesInterface
  - expo-dev-launcher (2.1.5):
    - EXManifests
    - expo-dev-launcher/Main (= 2.1.5)
    - expo-dev-menu
    - expo-dev-menu-interface
    - ExpoModulesCore
    - EXUpdatesInterface
    - React-Core
  - expo-dev-launcher/Main (2.1.5):
    - EXManifests
    - expo-dev-launcher/Unsafe
    - expo-dev-menu
    - expo-dev-menu-interface
    - ExpoModulesCore
    - EXUpdatesInterface
    - React-Core
  - expo-dev-launcher/Unsafe (2.1.5):
    - EXManifests
    - expo-dev-menu
    - expo-dev-menu-interface
    - ExpoModulesCore
    - EXUpdatesInterface
    - React-Core
  - expo-dev-menu (2.1.3):
    - expo-dev-menu/Main (= 2.1.3)
  - expo-dev-menu-interface (1.1.1)
  - expo-dev-menu/GestureHandler (2.1.3)
  - expo-dev-menu/Main (2.1.3):
    - EXManifests
    - expo-dev-menu-interface
    - expo-dev-menu/Vendored
    - ExpoModulesCore
    - React-Core
  - expo-dev-menu/Reanimated (2.1.3):
    - DoubleConversion
    - FBLazyVector
    - FBReactNativeSpec
    - glog
    - RCT-Folly
    - RCTRequired
    - RCTTypeSafety
    - React-callinvoker
    - React-Core
    - React-Core/DevSupport
    - React-Core/RCTWebSocket
    - React-CoreModules
    - React-cxxreact
    - React-jsi
    - React-jsiexecutor
    - React-jsinspector
    - React-RCTActionSheet
    - React-RCTAnimation
    - React-RCTBlob
    - React-RCTImage
    - React-RCTLinking
    - React-RCTNetwork
    - React-RCTSettings
    - React-RCTText
    - React-RCTVibration
    - ReactCommon/turbomodule/core
    - Yoga
  - expo-dev-menu/SafeAreaView (2.1.3)
  - expo-dev-menu/Vendored (2.1.3):
    - expo-dev-menu/GestureHandler
    - expo-dev-menu/Reanimated
    - expo-dev-menu/SafeAreaView
  - ExpoKeepAwake (12.0.1):
    - ExpoModulesCore
  - ExpoLinearGradient (12.1.2):
    - ExpoModulesCore
  - ExpoModulesCore (1.2.4):
    - React-Core
    - React-RCTAppDelegate
    - ReactCommon/turbomodule/core
  - EXSplashScreen (0.18.1):
    - ExpoModulesCore
    - React-Core
  - EXStructuredHeaders (3.1.1)
  - EXUpdates (0.16.3):
    - ASN1Decoder (~> 1.8)
    - EASClient
    - EXManifests
    - ExpoModulesCore
    - EXStructuredHeaders
    - EXUpdatesInterface
    - React-Core
  - EXUpdatesInterface (0.9.1)
  - FBLazyVector (0.71.4)
  - FBReactNativeSpec (0.71.4):
    - RCT-Folly (= 2021.07.22.00)
    - RCTRequired (= 0.71.4)
    - RCTTypeSafety (= 0.71.4)
    - React-Core (= 0.71.4)
    - React-jsi (= 0.71.4)
    - ReactCommon/turbomodule/core (= 0.71.4)
  - Flipper (0.91.1):
    - Flipper-Folly (~> 2.6)
    - Flipper-RSocket (~> 1.4)
  - Flipper-Boost-iOSX (1.76.0.1.11)
  - Flipper-DoubleConversion (3.2.0.1)
  - Flipper-Fmt (7.1.7)
  - Flipper-Folly (2.6.10):
    - Flipper-Boost-iOSX
    - Flipper-DoubleConversion
    - Flipper-Fmt (= 7.1.7)
    - Flipper-Glog
    - libevent (~> 2.1.12)
    - OpenSSL-Universal (= 1.1.1100)
  - Flipper-Glog (0.5.0.5)
  - Flipper-PeerTalk (0.0.4)
  - Flipper-RSocket (1.4.3):
    - Flipper-Folly (~> 2.6)
  - FlipperKit (0.91.1):
    - FlipperKit/Core (= 0.91.1)
  - FlipperKit/Core (0.91.1):
    - Flipper (~> 0.91.1)
    - FlipperKit/CppBridge
    - FlipperKit/FBCxxFollyDynamicConvert
    - FlipperKit/FBDefines
    - FlipperKit/FKPortForwarding
  - FlipperKit/CppBridge (0.91.1):
    - Flipper (~> 0.91.1)
  - FlipperKit/FBCxxFollyDynamicConvert (0.91.1):
    - Flipper-Folly (~> 2.6)
  - FlipperKit/FBDefines (0.91.1)
  - FlipperKit/FKPortForwarding (0.91.1):
    - CocoaAsyncSocket (~> 7.6)
    - Flipper-PeerTalk (~> 0.0.4)
  - FlipperKit/FlipperKitHighlightOverlay (0.91.1)
  - FlipperKit/FlipperKitLayoutHelpers (0.91.1):
    - FlipperKit/Core
    - FlipperKit/FlipperKitHighlightOverlay
    - FlipperKit/FlipperKitLayoutTextSearchable
  - FlipperKit/FlipperKitLayoutIOSDescriptors (0.91.1):
    - FlipperKit/Core
    - FlipperKit/FlipperKitHighlightOverlay
    - FlipperKit/FlipperKitLayoutHelpers
    - YogaKit (~> 1.18)
  - FlipperKit/FlipperKitLayoutPlugin (0.91.1):
    - FlipperKit/Core
    - FlipperKit/FlipperKitHighlightOverlay
    - FlipperKit/FlipperKitLayoutHelpers
    - FlipperKit/FlipperKitLayoutIOSDescriptors
    - FlipperKit/FlipperKitLayoutTextSearchable
    - YogaKit (~> 1.18)
  - FlipperKit/FlipperKitLayoutTextSearchable (0.91.1)
  - FlipperKit/FlipperKitNetworkPlugin (0.91.1):
    - FlipperKit/Core
  - FlipperKit/FlipperKitReactPlugin (0.91.1):
    - FlipperKit/Core
  - FlipperKit/FlipperKitUserDefaultsPlugin (0.91.1):
    - FlipperKit/Core
  - FlipperKit/SKIOSNetworkPlugin (0.91.1):
    - FlipperKit/Core
    - FlipperKit/FlipperKitNetworkPlugin
  - fmt (6.2.1)
  - glog (0.3.5)
  - libevent (2.1.12)
  - OpenSSL-Universal (1.1.1100)
  - RCT-Folly (2021.07.22.00):
    - boost
    - DoubleConversion
    - fmt (~> 6.2.1)
    - glog
    - RCT-Folly/Default (= 2021.07.22.00)
  - RCT-Folly/Default (2021.07.22.00):
    - boost
    - DoubleConversion
    - fmt (~> 6.2.1)
    - glog
  - RCTRequired (0.71.4)
  - RCTTypeSafety (0.71.4):
    - FBLazyVector (= 0.71.4)
    - RCTRequired (= 0.71.4)
    - React-Core (= 0.71.4)
  - React (0.71.4):
    - React-Core (= 0.71.4)
    - React-Core/DevSupport (= 0.71.4)
    - React-Core/RCTWebSocket (= 0.71.4)
    - React-RCTActionSheet (= 0.71.4)
    - React-RCTAnimation (= 0.71.4)
    - React-RCTBlob (= 0.71.4)
    - React-RCTImage (= 0.71.4)
    - React-RCTLinking (= 0.71.4)
    - React-RCTNetwork (= 0.71.4)
    - React-RCTSettings (= 0.71.4)
    - React-RCTText (= 0.71.4)
    - React-RCTVibration (= 0.71.4)
  - React-callinvoker (0.71.4)
  - React-Codegen (0.71.4):
    - FBReactNativeSpec
    - RCT-Folly
    - RCTRequired
    - RCTTypeSafety
    - React-Core
    - React-jsc
    - React-jsi
    - React-jsiexecutor
    - ReactCommon/turbomodule/bridging
    - ReactCommon/turbomodule/core
  - React-Core (0.71.4):
    - glog
    - RCT-Folly (= 2021.07.22.00)
    - React-Core/Default (= 0.71.4)
    - React-cxxreact (= 0.71.4)
    - React-jsc
    - React-jsi (= 0.71.4)
    - React-jsiexecutor (= 0.71.4)
    - React-perflogger (= 0.71.4)
    - Yoga
  - React-Core/CoreModulesHeaders (0.71.4):
    - glog
    - RCT-Folly (= 2021.07.22.00)
    - React-Core/Default
    - React-cxxreact (= 0.71.4)
    - React-jsc
    - React-jsi (= 0.71.4)
    - React-jsiexecutor (= 0.71.4)
    - React-perflogger (= 0.71.4)
    - Yoga
  - React-Core/Default (0.71.4):
    - glog
    - RCT-Folly (= 2021.07.22.00)
    - React-cxxreact (= 0.71.4)
    - React-jsc
    - React-jsi (= 0.71.4)
    - React-jsiexecutor (= 0.71.4)
    - React-perflogger (= 0.71.4)
    - Yoga
  - React-Core/DevSupport (0.71.4):
    - glog
    - RCT-Folly (= 2021.07.22.00)
    - React-Core/Default (= 0.71.4)
    - React-Core/RCTWebSocket (= 0.71.4)
    - React-cxxreact (= 0.71.4)
    - React-jsc
    - React-jsi (= 0.71.4)
    - React-jsiexecutor (= 0.71.4)
    - React-jsinspector (= 0.71.4)
    - React-perflogger (= 0.71.4)
    - Yoga
  - React-Core/RCTActionSheetHeaders (0.71.4):
    - glog
    - RCT-Folly (= 2021.07.22.00)
    - React-Core/Default
    - React-cxxreact (= 0.71.4)
    - React-jsc
    - React-jsi (= 0.71.4)
    - React-jsiexecutor (= 0.71.4)
    - React-perflogger (= 0.71.4)
    - Yoga
  - React-Core/RCTAnimationHeaders (0.71.4):
    - glog
    - RCT-Folly (= 2021.07.22.00)
    - React-Core/Default
    - React-cxxreact (= 0.71.4)
    - React-jsc
    - React-jsi (= 0.71.4)
    - React-jsiexecutor (= 0.71.4)
    - React-perflogger (= 0.71.4)
    - Yoga
  - React-Core/RCTBlobHeaders (0.71.4):
    - glog
    - RCT-Folly (= 2021.07.22.00)
    - React-Core/Default
    - React-cxxreact (= 0.71.4)
    - React-jsc
    - React-jsi (= 0.71.4)
    - React-jsiexecutor (= 0.71.4)
    - React-perflogger (= 0.71.4)
    - Yoga
  - React-Core/RCTImageHeaders (0.71.4):
    - glog
    - RCT-Folly (= 2021.07.22.00)
    - React-Core/Default
    - React-cxxreact (= 0.71.4)
    - React-jsc
    - React-jsi (= 0.71.4)
    - React-jsiexecutor (= 0.71.4)
    - React-perflogger (= 0.71.4)
    - Yoga
  - React-Core/RCTLinkingHeaders (0.71.4):
    - glog
    - RCT-Folly (= 2021.07.22.00)
    - React-Core/Default
    - React-cxxreact (= 0.71.4)
    - React-jsc
    - React-jsi (= 0.71.4)
    - React-jsiexecutor (= 0.71.4)
    - React-perflogger (= 0.71.4)
    - Yoga
  - React-Core/RCTNetworkHeaders (0.71.4):
    - glog
    - RCT-Folly (= 2021.07.22.00)
    - React-Core/Default
    - React-cxxreact (= 0.71.4)
    - React-jsc
    - React-jsi (= 0.71.4)
    - React-jsiexecutor (= 0.71.4)
    - React-perflogger (= 0.71.4)
    - Yoga
  - React-Core/RCTSettingsHeaders (0.71.4):
    - glog
    - RCT-Folly (= 2021.07.22.00)
    - React-Core/Default
    - React-cxxreact (= 0.71.4)
    - React-jsc
    - React-jsi (= 0.71.4)
    - React-jsiexecutor (= 0.71.4)
    - React-perflogger (= 0.71.4)
    - Yoga
  - React-Core/RCTTextHeaders (0.71.4):
    - glog
    - RCT-Folly (= 2021.07.22.00)
    - React-Core/Default
    - React-cxxreact (= 0.71.4)
    - React-jsc
    - React-jsi (= 0.71.4)
    - React-jsiexecutor (= 0.71.4)
    - React-perflogger (= 0.71.4)
    - Yoga
  - React-Core/RCTVibrationHeaders (0.71.4):
    - glog
    - RCT-Folly (= 2021.07.22.00)
    - React-Core/Default
    - React-cxxreact (= 0.71.4)
    - React-jsc
    - React-jsi (= 0.71.4)
    - React-jsiexecutor (= 0.71.4)
    - React-perflogger (= 0.71.4)
    - Yoga
  - React-Core/RCTWebSocket (0.71.4):
    - glog
    - RCT-Folly (= 2021.07.22.00)
    - React-Core/Default (= 0.71.4)
    - React-cxxreact (= 0.71.4)
    - React-jsc
    - React-jsi (= 0.71.4)
    - React-jsiexecutor (= 0.71.4)
    - React-perflogger (= 0.71.4)
    - Yoga
  - React-CoreModules (0.71.4):
    - RCT-Folly (= 2021.07.22.00)
    - RCTTypeSafety (= 0.71.4)
    - React-Codegen (= 0.71.4)
    - React-Core/CoreModulesHeaders (= 0.71.4)
    - React-jsi (= 0.71.4)
    - React-RCTBlob
    - React-RCTImage (= 0.71.4)
    - ReactCommon/turbomodule/core (= 0.71.4)
  - React-cxxreact (0.71.4):
    - boost (= 1.76.0)
    - DoubleConversion
    - glog
    - RCT-Folly (= 2021.07.22.00)
    - React-callinvoker (= 0.71.4)
    - React-jsi (= 0.71.4)
    - React-jsinspector (= 0.71.4)
    - React-logger (= 0.71.4)
    - React-perflogger (= 0.71.4)
    - React-runtimeexecutor (= 0.71.4)
  - React-jsc (0.71.4):
    - React-jsc/Fabric (= 0.71.4)
    - React-jsi (= 0.71.4)
  - React-jsc/Fabric (0.71.4):
    - React-jsi (= 0.71.4)
  - React-jsi (0.71.4):
    - boost (= 1.76.0)
    - DoubleConversion
    - glog
    - RCT-Folly (= 2021.07.22.00)
  - React-jsiexecutor (0.71.4):
    - DoubleConversion
    - glog
    - RCT-Folly (= 2021.07.22.00)
    - React-cxxreact (= 0.71.4)
    - React-jsi (= 0.71.4)
    - React-perflogger (= 0.71.4)
  - React-jsinspector (0.71.4)
  - React-logger (0.71.4):
    - glog
  - react-native-maps (0.30.2):
    - React-Core
  - react-native-pager-view (5.4.15):
    - React-Core
  - react-native-safe-area-context (4.5.0):
    - RCT-Folly
    - RCTRequired
    - RCTTypeSafety
    - React-Core
    - ReactCommon/turbomodule/core
  - React-perflogger (0.71.4)
  - React-RCTActionSheet (0.71.4):
    - React-Core/RCTActionSheetHeaders (= 0.71.4)
  - React-RCTAnimation (0.71.4):
    - RCT-Folly (= 2021.07.22.00)
    - RCTTypeSafety (= 0.71.4)
    - React-Codegen (= 0.71.4)
    - React-Core/RCTAnimationHeaders (= 0.71.4)
    - React-jsi (= 0.71.4)
    - ReactCommon/turbomodule/core (= 0.71.4)
  - React-RCTAppDelegate (0.71.4):
    - RCT-Folly
    - RCTRequired
    - RCTTypeSafety
    - React-Core
    - ReactCommon/turbomodule/core
  - React-RCTBlob (0.71.4):
    - RCT-Folly (= 2021.07.22.00)
    - React-Codegen (= 0.71.4)
    - React-Core/RCTBlobHeaders (= 0.71.4)
    - React-Core/RCTWebSocket (= 0.71.4)
    - React-jsi (= 0.71.4)
    - React-RCTNetwork (= 0.71.4)
    - ReactCommon/turbomodule/core (= 0.71.4)
  - React-RCTImage (0.71.4):
    - RCT-Folly (= 2021.07.22.00)
    - RCTTypeSafety (= 0.71.4)
    - React-Codegen (= 0.71.4)
    - React-Core/RCTImageHeaders (= 0.71.4)
    - React-jsi (= 0.71.4)
    - React-RCTNetwork (= 0.71.4)
    - ReactCommon/turbomodule/core (= 0.71.4)
  - React-RCTLinking (0.71.4):
    - React-Codegen (= 0.71.4)
    - React-Core/RCTLinkingHeaders (= 0.71.4)
    - React-jsi (= 0.71.4)
    - ReactCommon/turbomodule/core (= 0.71.4)
  - React-RCTNetwork (0.71.4):
    - RCT-Folly (= 2021.07.22.00)
    - RCTTypeSafety (= 0.71.4)
    - React-Codegen (= 0.71.4)
    - React-Core/RCTNetworkHeaders (= 0.71.4)
    - React-jsi (= 0.71.4)
    - ReactCommon/turbomodule/core (= 0.71.4)
  - React-RCTSettings (0.71.4):
    - RCT-Folly (= 2021.07.22.00)
    - RCTTypeSafety (= 0.71.4)
    - React-Codegen (= 0.71.4)
    - React-Core/RCTSettingsHeaders (= 0.71.4)
    - React-jsi (= 0.71.4)
    - ReactCommon/turbomodule/core (= 0.71.4)
  - React-RCTText (0.71.4):
    - React-Core/RCTTextHeaders (= 0.71.4)
  - React-RCTVibration (0.71.4):
    - RCT-Folly (= 2021.07.22.00)
    - React-Codegen (= 0.71.4)
    - React-Core/RCTVibrationHeaders (= 0.71.4)
    - React-jsi (= 0.71.4)
    - ReactCommon/turbomodule/core (= 0.71.4)
  - React-runtimeexecutor (0.71.4):
    - React-jsi (= 0.71.4)
  - ReactCommon/turbomodule/bridging (0.71.4):
    - DoubleConversion
    - glog
    - RCT-Folly (= 2021.07.22.00)
    - React-callinvoker (= 0.71.4)
    - React-Core (= 0.71.4)
    - React-cxxreact (= 0.71.4)
    - React-jsi (= 0.71.4)
    - React-logger (= 0.71.4)
    - React-perflogger (= 0.71.4)
  - ReactCommon/turbomodule/core (0.71.4):
    - DoubleConversion
    - glog
    - RCT-Folly (= 2021.07.22.00)
    - React-callinvoker (= 0.71.4)
    - React-Core (= 0.71.4)
    - React-cxxreact (= 0.71.4)
    - React-jsi (= 0.71.4)
    - React-logger (= 0.71.4)
    - React-perflogger (= 0.71.4)
  - RNCAsyncStorage (1.17.11):
    - React-Core
  - RNCMaskedView (0.1.11):
    - React
  - RNCPicker (2.4.8):
    - React-Core
  - RNDateTimePicker (6.1.2):
    - React-Core
  - RNGestureHandler (2.2.1):
    - React-Core
  - RNReanimated (3.0.2):
    - DoubleConversion
    - FBLazyVector
    - FBReactNativeSpec
    - glog
    - RCT-Folly
    - RCTRequired
    - RCTTypeSafety
    - React-callinvoker
    - React-Core
    - React-Core/DevSupport
    - React-Core/RCTWebSocket
    - React-CoreModules
    - React-cxxreact
    - React-jsi
    - React-jsiexecutor
    - React-jsinspector
    - React-RCTActionSheet
    - React-RCTAnimation
    - React-RCTBlob
    - React-RCTImage
    - React-RCTLinking
    - React-RCTNetwork
    - React-RCTSettings
    - React-RCTText
    - ReactCommon/turbomodule/core
    - Yoga
  - RNScreens (3.20.0):
    - React-Core
    - React-RCTImage
  - RNVectorIcons (9.2.0):
    - React-Core
  - Yoga (1.14.0)
  - YogaKit (1.18.1):
    - Yoga (~> 1.14)

DEPENDENCIES:
  - boost (from `../node_modules/react-native/third-party-podspecs/boost.podspec`)
  - DoubleConversion (from `../node_modules/react-native/third-party-podspecs/DoubleConversion.podspec`)
  - EASClient (from `../node_modules/expo-eas-client/ios`)
  - EXApplication (from `../node_modules/expo-application/ios`)
  - EXConstants (from `../node_modules/expo-constants/ios`)
  - EXFileSystem (from `../node_modules/expo-file-system/ios`)
  - EXFont (from `../node_modules/expo-font/ios`)
  - EXJSONUtils (from `../node_modules/expo-json-utils/ios`)
  - EXManifests (from `../node_modules/expo-manifests/ios`)
  - Expo (from `../node_modules/expo`)
  - expo-dev-client (from `../node_modules/expo-dev-client/ios`)
  - expo-dev-launcher (from `../node_modules/expo-dev-launcher`)
  - expo-dev-menu (from `../node_modules/expo-dev-menu`)
  - expo-dev-menu-interface (from `../node_modules/expo-dev-menu-interface/ios`)
  - ExpoKeepAwake (from `../node_modules/expo-keep-awake/ios`)
  - ExpoLinearGradient (from `../node_modules/expo-linear-gradient/ios`)
  - ExpoModulesCore (from `../node_modules/expo-modules-core`)
  - EXSplashScreen (from `../node_modules/expo-splash-screen/ios`)
  - EXStructuredHeaders (from `../node_modules/expo-structured-headers/ios`)
  - EXUpdates (from `../node_modules/expo-updates/ios`)
  - EXUpdatesInterface (from `../node_modules/expo-updates-interface/ios`)
  - FBLazyVector (from `../node_modules/react-native/Libraries/FBLazyVector`)
  - FBReactNativeSpec (from `../node_modules/react-native/React/FBReactNativeSpec`)
  - Flipper (= 0.91.1)
  - Flipper-Boost-iOSX (= 1.76.0.1.11)
  - Flipper-DoubleConversion (= 3.2.0.1)
  - Flipper-Fmt (= 7.1.7)
  - Flipper-Folly (~> 2.6)
  - Flipper-Glog (= 0.5.0.5)
  - Flipper-PeerTalk (= 0.0.4)
  - Flipper-RSocket (~> 1.4)
  - FlipperKit (= 0.91.1)
  - FlipperKit/Core (= 0.91.1)
  - FlipperKit/CppBridge (= 0.91.1)
  - FlipperKit/FBCxxFollyDynamicConvert (= 0.91.1)
  - FlipperKit/FBDefines (= 0.91.1)
  - FlipperKit/FKPortForwarding (= 0.91.1)
  - FlipperKit/FlipperKitHighlightOverlay (= 0.91.1)
  - FlipperKit/FlipperKitLayoutPlugin (= 0.91.1)
  - FlipperKit/FlipperKitLayoutTextSearchable (= 0.91.1)
  - FlipperKit/FlipperKitNetworkPlugin (= 0.91.1)
  - FlipperKit/FlipperKitReactPlugin (= 0.91.1)
  - FlipperKit/FlipperKitUserDefaultsPlugin (= 0.91.1)
  - FlipperKit/SKIOSNetworkPlugin (= 0.91.1)
  - glog (from `../node_modules/react-native/third-party-podspecs/glog.podspec`)
  - OpenSSL-Universal (= 1.1.1100)
  - RCT-Folly (from `../node_modules/react-native/third-party-podspecs/RCT-Folly.podspec`)
  - RCTRequired (from `../node_modules/react-native/Libraries/RCTRequired`)
  - RCTTypeSafety (from `../node_modules/react-native/Libraries/TypeSafety`)
  - React (from `../node_modules/react-native/`)
  - React-callinvoker (from `../node_modules/react-native/ReactCommon/callinvoker`)
  - React-Codegen (from `build/generated/ios`)
  - React-Core (from `../node_modules/react-native/`)
  - React-Core/RCTWebSocket (from `../node_modules/react-native/`)
  - React-CoreModules (from `../node_modules/react-native/React/CoreModules`)
  - React-cxxreact (from `../node_modules/react-native/ReactCommon/cxxreact`)
  - React-jsc (from `../node_modules/react-native/ReactCommon/jsc`)
  - React-jsi (from `../node_modules/react-native/ReactCommon/jsi`)
  - React-jsiexecutor (from `../node_modules/react-native/ReactCommon/jsiexecutor`)
  - React-jsinspector (from `../node_modules/react-native/ReactCommon/jsinspector`)
  - React-logger (from `../node_modules/react-native/ReactCommon/logger`)
  - react-native-maps (from `../node_modules/react-native-maps`)
  - react-native-pager-view (from `../node_modules/react-native-pager-view`)
  - react-native-safe-area-context (from `../node_modules/react-native-safe-area-context`)
  - React-perflogger (from `../node_modules/react-native/ReactCommon/reactperflogger`)
  - React-RCTActionSheet (from `../node_modules/react-native/Libraries/ActionSheetIOS`)
  - React-RCTAnimation (from `../node_modules/react-native/Libraries/NativeAnimation`)
  - React-RCTAppDelegate (from `../node_modules/react-native/Libraries/AppDelegate`)
  - React-RCTBlob (from `../node_modules/react-native/Libraries/Blob`)
  - React-RCTImage (from `../node_modules/react-native/Libraries/Image`)
  - React-RCTLinking (from `../node_modules/react-native/Libraries/LinkingIOS`)
  - React-RCTNetwork (from `../node_modules/react-native/Libraries/Network`)
  - React-RCTSettings (from `../node_modules/react-native/Libraries/Settings`)
  - React-RCTText (from `../node_modules/react-native/Libraries/Text`)
  - React-RCTVibration (from `../node_modules/react-native/Libraries/Vibration`)
  - React-runtimeexecutor (from `../node_modules/react-native/ReactCommon/runtimeexecutor`)
  - ReactCommon/turbomodule/core (from `../node_modules/react-native/ReactCommon`)
  - "RNCAsyncStorage (from `../node_modules/@react-native-async-storage/async-storage`)"
  - "RNCMaskedView (from `../node_modules/@react-native-community/masked-view`)"
  - "RNCPicker (from `../node_modules/@react-native-picker/picker`)"
  - "RNDateTimePicker (from `../node_modules/@react-native-community/datetimepicker`)"
  - RNGestureHandler (from `../node_modules/react-native-gesture-handler`)
  - RNReanimated (from `../node_modules/react-native-reanimated`)
  - RNScreens (from `../node_modules/react-native-screens`)
  - RNVectorIcons (from `../node_modules/react-native-vector-icons`)
  - Yoga (from `../node_modules/react-native/ReactCommon/yoga`)

SPEC REPOS:
  trunk:
    - ASN1Decoder
    - CocoaAsyncSocket
    - Flipper
    - Flipper-Boost-iOSX
    - Flipper-DoubleConversion
    - Flipper-Fmt
    - Flipper-Folly
    - Flipper-Glog
    - Flipper-PeerTalk
    - Flipper-RSocket
    - FlipperKit
    - fmt
    - libevent
    - OpenSSL-Universal
    - YogaKit

EXTERNAL SOURCES:
  boost:
    :podspec: "../node_modules/react-native/third-party-podspecs/boost.podspec"
  DoubleConversion:
    :podspec: "../node_modules/react-native/third-party-podspecs/DoubleConversion.podspec"
  EASClient:
    :path: "../node_modules/expo-eas-client/ios"
  EXApplication:
    :path: "../node_modules/expo-application/ios"
  EXConstants:
    :path: "../node_modules/expo-constants/ios"
  EXFileSystem:
    :path: "../node_modules/expo-file-system/ios"
  EXFont:
    :path: "../node_modules/expo-font/ios"
  EXJSONUtils:
    :path: "../node_modules/expo-json-utils/ios"
  EXManifests:
    :path: "../node_modules/expo-manifests/ios"
  Expo:
    :path: "../node_modules/expo"
  expo-dev-client:
    :path: "../node_modules/expo-dev-client/ios"
  expo-dev-launcher:
    :path: "../node_modules/expo-dev-launcher"
  expo-dev-menu:
    :path: "../node_modules/expo-dev-menu"
  expo-dev-menu-interface:
    :path: "../node_modules/expo-dev-menu-interface/ios"
  ExpoKeepAwake:
    :path: "../node_modules/expo-keep-awake/ios"
  ExpoLinearGradient:
    :path: "../node_modules/expo-linear-gradient/ios"
  ExpoModulesCore:
    :path: "../node_modules/expo-modules-core"
  EXSplashScreen:
    :path: "../node_modules/expo-splash-screen/ios"
  EXStructuredHeaders:
    :path: "../node_modules/expo-structured-headers/ios"
  EXUpdates:
    :path: "../node_modules/expo-updates/ios"
  EXUpdatesInterface:
    :path: "../node_modules/expo-updates-interface/ios"
  FBLazyVector:
    :path: "../node_modules/react-native/Libraries/FBLazyVector"
  FBReactNativeSpec:
    :path: "../node_modules/react-native/React/FBReactNativeSpec"
  glog:
    :podspec: "../node_modules/react-native/third-party-podspecs/glog.podspec"
  RCT-Folly:
    :podspec: "../node_modules/react-native/third-party-podspecs/RCT-Folly.podspec"
  RCTRequired:
    :path: "../node_modules/react-native/Libraries/RCTRequired"
  RCTTypeSafety:
    :path: "../node_modules/react-native/Libraries/TypeSafety"
  React:
    :path: "../node_modules/react-native/"
  React-callinvoker:
    :path: "../node_modules/react-native/ReactCommon/callinvoker"
  React-Codegen:
    :path: build/generated/ios
  React-Core:
    :path: "../node_modules/react-native/"
  React-CoreModules:
    :path: "../node_modules/react-native/React/CoreModules"
  React-cxxreact:
    :path: "../node_modules/react-native/ReactCommon/cxxreact"
  React-jsc:
    :path: "../node_modules/react-native/ReactCommon/jsc"
  React-jsi:
    :path: "../node_modules/react-native/ReactCommon/jsi"
  React-jsiexecutor:
    :path: "../node_modules/react-native/ReactCommon/jsiexecutor"
  React-jsinspector:
    :path: "../node_modules/react-native/ReactCommon/jsinspector"
  React-logger:
    :path: "../node_modules/react-native/ReactCommon/logger"
  react-native-maps:
    :path: "../node_modules/react-native-maps"
  react-native-pager-view:
    :path: "../node_modules/react-native-pager-view"
  react-native-safe-area-context:
    :path: "../node_modules/react-native-safe-area-context"
  React-perflogger:
    :path: "../node_modules/react-native/ReactCommon/reactperflogger"
  React-RCTActionSheet:
    :path: "../node_modules/react-native/Libraries/ActionSheetIOS"
  React-RCTAnimation:
    :path: "../node_modules/react-native/Libraries/NativeAnimation"
  React-RCTAppDelegate:
    :path: "../node_modules/react-native/Libraries/AppDelegate"
  React-RCTBlob:
    :path: "../node_modules/react-native/Libraries/Blob"
  React-RCTImage:
    :path: "../node_modules/react-native/Libraries/Image"
  React-RCTLinking:
    :path: "../node_modules/react-native/Libraries/LinkingIOS"
  React-RCTNetwork:
    :path: "../node_modules/react-native/Libraries/Network"
  React-RCTSettings:
    :path: "../node_modules/react-native/Libraries/Settings"
  React-RCTText:
    :path: "../node_modules/react-native/Libraries/Text"
  React-RCTVibration:
    :path: "../node_modules/react-native/Libraries/Vibration"
  React-runtimeexecutor:
    :path: "../node_modules/react-native/ReactCommon/runtimeexecutor"
  ReactCommon:
    :path: "../node_modules/react-native/ReactCommon"
  RNCAsyncStorage:
    :path: "../node_modules/@react-native-async-storage/async-storage"
  RNCMaskedView:
    :path: "../node_modules/@react-native-community/masked-view"
  RNCPicker:
    :path: "../node_modules/@react-native-picker/picker"
  RNDateTimePicker:
    :path: "../node_modules/@react-native-community/datetimepicker"
  RNGestureHandler:
    :path: "../node_modules/react-native-gesture-handler"
  RNReanimated:
    :path: "../node_modules/react-native-reanimated"
  RNScreens:
    :path: "../node_modules/react-native-screens"
  RNVectorIcons:
    :path: "../node_modules/react-native-vector-icons"
  Yoga:
    :path: "../node_modules/react-native/ReactCommon/yoga"

SPEC CHECKSUMS:
  ASN1Decoder: 6110fdeacfdb41559b1481457a1645be716610aa
  boost: 57d2868c099736d80fcd648bf211b4431e51a558
  CocoaAsyncSocket: 065fd1e645c7abab64f7a6a2007a48038fdc6a99
  DoubleConversion: 5189b271737e1565bdce30deb4a08d647e3f5f54
  EASClient: 950674e1098ebc09c4c2cf064a61e42e84d9d4c6
  EXApplication: d8f53a7eee90a870a75656280e8d4b85726ea903
  EXConstants: f348da07e21b23d2b085e270d7b74f282df1a7d9
  EXFileSystem: 844e86ca9b5375486ecc4ef06d3838d5597d895d
  EXFont: 6ea3800df746be7233208d80fe379b8ed74f4272
  EXJSONUtils: 48b1e764ac35160e6f54d21ab60d7d9501f3e473
  EXManifests: 500666d48e8dd7ca5a482c9e729e4a7a6c34081b
  Expo: 04ba1ddde0be07aff4306ae636a1804810679145
  expo-dev-client: 7c1ef51516853465f4d448c14ddf365167d20361
  expo-dev-launcher: 90de99d9e5d1a883d81355ca10e87c2f3c81d46e
  expo-dev-menu: 4f54ef98df59d9d625677cb18ad4582de92b4a7d
  expo-dev-menu-interface: 6c82ae323c4b8724dead4763ce3ff24a2108bdb1
  ExpoKeepAwake: 69f5f627670d62318410392d03e0b5db0f85759a
  ExpoLinearGradient: 8eaab76b7f55c612ed8348c8be8c2a18a9b4529f
  ExpoModulesCore: 1667335d4f4c9b7801990930e6f0eea42c916a21
  EXSplashScreen: cd7fb052dff5ba8311d5c2455ecbebffe1b7a8ca
  EXStructuredHeaders: b1a48d732562e2cc81f11771bcfd29534f5d9254
  EXUpdates: 46d6cf222e92e5b22ac06a9b03f1ffba9b6886fc
  EXUpdatesInterface: dd699d1930e28639dcbd70a402caea98e86364ca
  FBLazyVector: 446e84642979fff0ba57f3c804c2228a473aeac2
  FBReactNativeSpec: 241709e132e3bf1526c1c4f00bc5384dd39dfba9
  Flipper: 0f8a5accb30d2ec9c3e85e820ce00c3b72a486f3
  Flipper-Boost-iOSX: fd1e2b8cbef7e662a122412d7ac5f5bea715403c
  Flipper-DoubleConversion: 2dc99b02f658daf147069aad9dbd29d8feb06d30
  Flipper-Fmt: 60cbdd92fc254826e61d669a5d87ef7015396a9b
  Flipper-Folly: 584845625005ff068a6ebf41f857f468decd26b3
  Flipper-Glog: 70c50ce58ddaf67dc35180db05f191692570f446
  Flipper-PeerTalk: 116d8f857dc6ef55c7a5a75ea3ceaafe878aadc9
  Flipper-RSocket: d9d9ade67cbecf6ac10730304bf5607266dd2541
  FlipperKit: 4bce4a1dc0b2178ad9cbb2a2c9ca0b5e5c0ecfdc
  fmt: ff9d55029c625d3757ed641535fd4a75fedc7ce9
  glog: 04b94705f318337d7ead9e6d17c019bd9b1f6b1b
  libevent: 4049cae6c81cdb3654a443be001fb9bdceff7913
  OpenSSL-Universal: ebc357f1e6bc71fa463ccb2fe676756aff50e88c
  RCT-Folly: 424b8c9a7a0b9ab2886ffe9c3b041ef628fd4fb1
  RCTRequired: 5a024fdf458fa8c0d82fc262e76f982d4dcdecdd
  RCTTypeSafety: b6c253064466411c6810b45f66bc1e43ce0c54ba
  React: 715292db5bd46989419445a5547954b25d2090f0
  React-callinvoker: 105392d1179058585b564d35b4592fe1c46d6fba
  React-Codegen: bddf7cc33e6ef5dd9dee4c32d3ad25169af3892c
  React-Core: e0219b9fdb688015805f9a7d17c1bbcfc5209cea
  React-CoreModules: cd238b4bb8dc8529ccc8b34ceae7267b04ce1882
  React-cxxreact: e541a9279076a4567cf20f8f0512ffd10832befd
  React-jsc: 725bd22548e9b78504fecb8eeb228c9b1b65e296
  React-jsi: 40686d73008a968fee5ec507a48aaf7d387a56c4
  React-jsiexecutor: f423aa99034210dd6fe12723be4bf44e4e113985
  React-jsinspector: 1f51e775819199d3fe9410e69ee8d4c4161c7b06
  React-logger: 0d58569ec51d30d1792c5e86a8e3b78d24b582c6
  react-native-maps: df7b9fca1b1c8d356fadbf5b8a63a5f8cf32fc73
  react-native-pager-view: b1914469643f40042e65d78cbf3d3dfebd6fb0d9
  react-native-safe-area-context: 39c2d8be3328df5d437ac1700f4f3a4f75716acc
  React-perflogger: 0bb0522a12e058f6eb69d888bc16f40c16c4b907
  React-RCTActionSheet: bfd675a10f06a18728ea15d82082d48f228a213a
  React-RCTAnimation: 2fa220b2052ec75b733112aca39143d34546a941
  React-RCTAppDelegate: bab0ad94a7e5ed63841f02253f46ed5d66c1dccd
  React-RCTBlob: b6c642da11cbe238c7fdb178dc4e805585710f97
  React-RCTImage: fec592c46edb7c12a9cde08780bdb4a688416c62
  React-RCTLinking: 14eccac5d2a3b34b89dbfa29e8ef6219a153fe2d
  React-RCTNetwork: 1fbce92e772e39ca3687a2ebb854501ff6226dd7
  React-RCTSettings: 1abea36c9bb16d9979df6c4b42e2ea281b4bbcc5
  React-RCTText: 15355c41561a9f43dfd23616d0a0dd40ba05ed61
  React-RCTVibration: ad17efcfb2fa8f6bfd8ac0cf48d96668b8b28e0b
  React-runtimeexecutor: 8fa50b38df6b992c76537993a2b0553d3b088004
  ReactCommon: 1fed1243105330aa50ad7051207b61656f5e570b
  RNCAsyncStorage: 8616bd5a58af409453ea4e1b246521bb76578d60
  RNCMaskedView: 0e1bc4bfa8365eba5fbbb71e07fbdc0555249489
  RNCPicker: 0bf8ef8f7800524f32d2bb2a8bcadd53eda0ecd1
  RNDateTimePicker: 6f1f0b4cf7c71b6e2aea7a3aa62969111084bbd1
  RNGestureHandler: 1dc1ea9d4b64f999042afafbaccf5b143f0b2fa2
  RNReanimated: f0dd6b881808e635ef0673f89642937d6c141314
  RNScreens: 218801c16a2782546d30bd2026bb625c0302d70f
  RNVectorIcons: fcc2f6cb32f5735b586e66d14103a74ce6ad61f8
  Yoga: 79dd7410de6f8ad73a77c868d3d368843f0c93e0
  YogaKit: f782866e155069a2cca2517aafea43200b01fd5a

PODFILE CHECKSUM: 8fb17f38444bc0862b0dbe48e35971d8a88d064c

COCOAPODS: 1.12.0
